
Microsoft Visual Studio Solution File, Format Version 12.00
# Visual Studio Version 17
VisualStudioVersion = 17.0.32112.339
MinimumVisualStudioVersion = 10.0.40219.1
Project("{9A19103F-16F7-4668-BE54-9A1E7A4F7556}") = "Altv-Roleplay", "Altv-Roleplay\Altv-Roleplay.csproj", "{8A18D778-7483-4F69-A18A-493C1E27A853}"
EndProject
Project("{9A19103F-16F7-4668-BE54-9A1E7A4F7556}") = "SaltyChat.Server", "SaltyServer\SaltyChat.Server.csproj", "{D35EE992-F4C9-4C2C-BA77-57446C966B69}"
EndProject
Global
	GlobalSection(SolutionConfigurationPlatforms) = preSolution
		Debug|Any CPU = Debug|Any CPU
		Release|Any CPU = Release|Any CPU
	EndGlobalSection
	GlobalSection(ProjectConfigurationPlatforms) = postSolution
		{8A18D778-7483-4F69-A18A-493C1E27A853}.Debug|Any CPU.ActiveCfg = Debug|Any CPU
		{8A18D778-7483-4F69-A18A-493C1E27A853}.Debug|Any CPU.Build.0 = Debug|Any CPU
		{8A18D778-7483-4F69-A18A-493C1E27A853}.Release|Any CPU.ActiveCfg = Release|Any CPU
		{8A18D778-7483-4F69-A18A-493C1E27A853}.Release|Any CPU.Build.0 = Release|Any CPU
		{D35EE992-F4C9-4C2C-BA77-57446C966B69}.Debug|Any CPU.ActiveCfg = Debug|Any CPU
		{D35EE992-F4C9-4C2C-BA77-57446C966B69}.Debug|Any CPU.Build.0 = Debug|Any CPU
		{D35EE992-F4C9-4C2C-BA77-57446C966B69}.Release|Any CPU.ActiveCfg = Release|Any CPU
		{D35EE992-F4C9-4C2C-BA77-57446C966B69}.Release|Any CPU.Build.0 = Release|Any CPU
	EndGlobalSection
	GlobalSection(SolutionProperties) = preSolution
		HideSolutionNode = FALSE
	EndGlobalSection
	GlobalSection(ExtensibilityGlobals) = postSolution
		SolutionGuid = {7D582713-1886-4338-8CD8-C15FFE0ABBAB}
	EndGlobalSection
EndGlobal
